
Microsoft Visual Studio Solution File, Format Version 12.00
# Visual Studio Version 17
VisualStudioVersion = 17.4.33403.182
MinimumVisualStudioVersion = 10.0.40219.1
Project("{FAE04EC0-301F-11D3-BF4B-00C04F79EFBC}") = "For", "For\For.csproj", "{AD36E089-2D2C-4215-8063-BC6769B8B939}"
EndProject
Global
	GlobalSection(SolutionConfigurationPlatforms) = preSolution
		Debug|Any CPU = Debug|Any CPU
		Release|Any CPU = Release|Any CPU
	EndGlobalSection
	GlobalSection(ProjectConfigurationPlatforms) = postSolution
		{AD36E089-2D2C-4215-8063-BC6769B8B939}.Debug|Any CPU.ActiveCfg = Debug|Any CPU
		{AD36E089-2D2C-4215-8063-BC6769B8B939}.Debug|Any CPU.Build.0 = Debug|Any CPU
		{AD36E089-2D2C-4215-8063-BC6769B8B939}.Release|Any CPU.ActiveCfg = Release|Any CPU
		{AD36E089-2D2C-4215-8063-BC6769B8B939}.Release|Any CPU.Build.0 = Release|Any CPU
	EndGlobalSection
	GlobalSection(SolutionProperties) = preSolution
		HideSolutionNode = FALSE
	EndGlobalSection
	GlobalSection(ExtensibilityGlobals) = postSolution
		SolutionGuid = {98208A03-A280-4F93-9B04-00602BEBC93B}
	EndGlobalSection
EndGlobal
